
Microsoft Visual Studio Solution File, Format Version 12.00
# Visual Studio Version 16
VisualStudioVersion = 16.0.33130.400
MinimumVisualStudioVersion = 10.0.40219.1
Project("{FAE04EC0-301F-11D3-BF4B-00C04F79EFBC}") = "WriteToFileTxt", "WriteToFileTxt\WriteToFileTxt.csproj", "{D767DA85-0E39-490E-B9F3-7ECC3F7D9A83}"
EndProject
Global
	GlobalSection(SolutionConfigurationPlatforms) = preSolution
		Debug|Any CPU = Debug|Any CPU
		Release|Any CPU = Release|Any CPU
	EndGlobalSection
	GlobalSection(ProjectConfigurationPlatforms) = postSolution
		{D767DA85-0E39-490E-B9F3-7ECC3F7D9A83}.Debug|Any CPU.ActiveCfg = Debug|Any CPU
		{D767DA85-0E39-490E-B9F3-7ECC3F7D9A83}.Debug|Any CPU.Build.0 = Debug|Any CPU
		{D767DA85-0E39-490E-B9F3-7ECC3F7D9A83}.Release|Any CPU.ActiveCfg = Release|Any CPU
		{D767DA85-0E39-490E-B9F3-7ECC3F7D9A83}.Release|Any CPU.Build.0 = Release|Any CPU
	EndGlobalSection
	GlobalSection(SolutionProperties) = preSolution
		HideSolutionNode = FALSE
	EndGlobalSection
	GlobalSection(ExtensibilityGlobals) = postSolution
		SolutionGuid = {7DF0561E-B8C9-4B20-8B9F-938ECBCFC192}
	EndGlobalSection
EndGlobal
